{
  "version": 4,
  "terraform_version": "1.5.4",
  "serial": 5,
  "lineage": "d8312bdb-8008-d541-a00d-b7cefdddabea",
  "outputs": {
    "kubernetes_cluster_host": {
      "value": "34.170.118.33",
      "type": "string"
    },
    "kubernetes_cluster_name": {
      "value": "prime-freedom-420419-gke",
      "type": "string"
    },
    "project_id": {
      "value": "prime-freedom-420419",
      "type": "string"
    },
    "region": {
      "value": "us-central1",
      "type": "string"
    }
  },
  "resources": [
    {
      "mode": "managed",
      "type": "google_compute_network",
      "name": "vpc",
      "provider": "provider[\"registry.terraform.io/hashicorp/google\"]",
      "instances": [
        {
          "schema_version": 0,
          "attributes": {
            "auto_create_subnetworks": false,
            "delete_default_routes_on_create": false,
            "description": "",
            "enable_ula_internal_ipv6": false,
            "gateway_ipv4": "",
            "id": "projects/prime-freedom-420419/global/networks/prime-freedom-420419-vpc",
            "internal_ipv6_range": "",
            "mtu": 0,
            "name": "prime-freedom-420419-vpc",
            "project": "prime-freedom-420419",
            "routing_mode": "REGIONAL",
            "self_link": "https://www.googleapis.com/compute/v1/projects/prime-freedom-420419/global/networks/prime-freedom-420419-vpc",
            "timeouts": null
          },
          "sensitive_attributes": [],
          "private": "eyJlMmJmYjczMC1lY2FhLTExZTYtOGY4OC0zNDM2M2JjN2M0YzAiOnsiY3JlYXRlIjoxMjAwMDAwMDAwMDAwLCJkZWxldGUiOjEyMDAwMDAwMDAwMDAsInVwZGF0ZSI6MTIwMDAwMDAwMDAwMH19"
        }
      ]
    },
    {
      "mode": "managed",
      "type": "google_compute_subnetwork",
      "name": "subnet",
      "provider": "provider[\"registry.terraform.io/hashicorp/google\"]",
      "instances": [
        {
          "schema_version": 0,
          "attributes": {
            "creation_timestamp": "2024-04-15T16:13:25.442-07:00",
            "description": "",
            "external_ipv6_prefix": "",
            "fingerprint": null,
            "gateway_address": "10.10.0.1",
            "id": "projects/prime-freedom-420419/regions/us-central1/subnetworks/prime-freedom-420419-subnet",
            "ip_cidr_range": "10.10.0.0/24",
            "ipv6_access_type": "",
            "ipv6_cidr_range": "",
            "log_config": [],
            "name": "prime-freedom-420419-subnet",
            "network": "https://www.googleapis.com/compute/v1/projects/prime-freedom-420419/global/networks/prime-freedom-420419-vpc",
            "private_ip_google_access": false,
            "private_ipv6_google_access": "DISABLE_GOOGLE_ACCESS",
            "project": "prime-freedom-420419",
            "purpose": "PRIVATE",
            "region": "us-central1",
            "role": "",
            "secondary_ip_range": [],
            "self_link": "https://www.googleapis.com/compute/v1/projects/prime-freedom-420419/regions/us-central1/subnetworks/prime-freedom-420419-subnet",
            "stack_type": "IPV4_ONLY",
            "timeouts": null
          },
          "sensitive_attributes": [],
          "private": "eyJlMmJmYjczMC1lY2FhLTExZTYtOGY4OC0zNDM2M2JjN2M0YzAiOnsiY3JlYXRlIjoxMjAwMDAwMDAwMDAwLCJkZWxldGUiOjEyMDAwMDAwMDAwMDAsInVwZGF0ZSI6MTIwMDAwMDAwMDAwMH19",
          "dependencies": [
            "google_compute_network.vpc"
          ]
        }
      ]
    },
    {
      "mode": "managed",
      "type": "google_container_cluster",
      "name": "primary",
      "provider": "provider[\"registry.terraform.io/hashicorp/google\"]",
      "instances": [
        {
          "schema_version": 1,
          "attributes": {
            "addons_config": [
              {
                "cloudrun_config": [],
                "gcp_filestore_csi_driver_config": [],
                "horizontal_pod_autoscaling": [],
                "http_load_balancing": [],
                "network_policy_config": [
                  {
                    "disabled": true
                  }
                ]
              }
            ],
            "authenticator_groups_config": [],
            "cluster_autoscaling": [
              {
                "auto_provisioning_defaults": [],
                "enabled": false,
                "resource_limits": []
              }
            ],
            "cluster_ipv4_cidr": "10.76.0.0/14",
            "confidential_nodes": [],
            "database_encryption": [
              {
                "key_name": "",
                "state": "DECRYPTED"
              }
            ],
            "datapath_provider": "",
            "default_max_pods_per_node": null,
            "default_snat_status": [
              {
                "disabled": false
              }
            ],
            "description": "",
            "dns_config": [],
            "enable_autopilot": false,
            "enable_binary_authorization": false,
            "enable_intranode_visibility": false,
            "enable_kubernetes_alpha": false,
            "enable_legacy_abac": false,
            "enable_shielded_nodes": true,
            "enable_tpu": false,
            "endpoint": "34.170.118.33",
            "id": "projects/prime-freedom-420419/locations/us-central1/clusters/prime-freedom-420419-gke",
            "initial_node_count": 1,
            "ip_allocation_policy": [],
            "label_fingerprint": "a9dc16a7",
            "location": "us-central1",
            "logging_config": [
              {
                "enable_components": [
                  "SYSTEM_COMPONENTS",
                  "WORKLOADS"
                ]
              }
            ],
            "logging_service": "logging.googleapis.com/kubernetes",
            "maintenance_policy": [],
            "master_auth": [
              {
                "client_certificate": "",
                "client_certificate_config": [
                  {
                    "issue_client_certificate": false
                  }
                ],
                "client_key": "",
                "cluster_ca_certificate": "LS0tLS1CRUdJTiBDRVJUSUZJQ0FURS0tLS0tCk1JSUVMVENDQXBXZ0F3SUJBZ0lSQU9XL1hPQlNPREVoOXdTRzJUalRrSDh3RFFZSktvWklodmNOQVFFTEJRQXcKTHpFdE1Dc0dBMVVFQXhNa05EWTBNR1kzTXpVdE1HRTFaUzAwTnpBeExUZzJPV0l0TVRKaVpUbG1abUptTkRoagpNQ0FYRFRJME1EUXhOVEl5TVRNME4xb1lEekl3TlRRd05EQTRNak14TXpRM1dqQXZNUzB3S3dZRFZRUURFeVEwCk5qUXdaamN6TlMwd1lUVmxMVFEzTURFdE9EWTVZaTB4TW1KbE9XWm1ZbVkwT0dNd2dnR2lNQTBHQ1NxR1NJYjMKRFFFQkFRVUFBNElCandBd2dnR0tBb0lCZ1FDemEyRGpQbk12dmtyS2ZXQmcyL0pDSHpxU0JaMnE4U21tOFEwaApJeXQyekIyT2x1dTRtK0JmcVF4VWl2MC8zT2c1QTdxSSszUFB5ZjNQVFhsNWNsdlhBalNMaGtnZy9ibGF2a1Z1ClRRTUxYQ21FVWhORFNyYWErR212QmVaUGhDN0lGT0xEV1RGZW1BMy8wbE9nNG5RM2ZrWG9CZmNvc3NSc0NrTjcKdWs2WXBlS0JQakx2ZWJYa0ZzUTd2TjJreUZHYlZadU9RTEplTjJVUUx1RmxkV1JCRnExeEFFWlFQZVRaOG1hQgpCeXNEQm5tbVpDZUtueUJzZTRid2p3KzVJK3RMUmNrc3JQcnk0OGpnYVdLWnF0QlBuWUFXNis0UThyQ3dWNUgzClkvSGtrOXprbzRMN0hEZXozSUEzUm1UVTRxVTNjcHZidzhia25lQ0tBRlcrVnZQRTdFTDJ5ZmEzd1lFdGZnWncKK1RjOEh3UTZpK05sTk1mZnFqWEtsbVNYcUVFczF0cEIrMk54NGxIWXYxVnF2VVhIUUsvd2U1VVhKSFRtTEM3eQprTXlHVEliWkVYSGQrMEc4OFUxZnJVaEd0aW9BTkErd2UzQmZncnZKU2JJK1YvWkJRUTc3SkI5WlNWL3E5bWxWCjgwMmpWeFFNS1loSWlYU1o4cnFISno1MmM1OENBd0VBQWFOQ01FQXdEZ1lEVlIwUEFRSC9CQVFEQWdJRU1BOEcKQTFVZEV3RUIvd1FGTUFNQkFmOHdIUVlEVlIwT0JCWUVGQllZZHNDWG94WHlBa0tIUTEyeXVSWnYvRzU0TUEwRwpDU3FHU0liM0RRRUJDd1VBQTRJQmdRQVBnQ3VheWhzbituWU9tR3B3MVgrSHJrN2pCSWNrelJES2dWOUNCRWRhCkp0L2tvTWJCbHF5L0kweVg0d3h3MEl1VGZWQ2t5V0tWdHN3c0tsWmlQUDd5anBxQVVwcDl6Z0REVjJDeUlvS2wKTlVkSzJmdjdsRUNyOW43T2VxMEtCbU5MUGo4a0ljR21PSDFJaFlEckZ5VFR6UmMzQ3N1TGVtVzl3SmZvTDhseQpuYXNWcVkvbks2TDBNZm5ITDU1cWVMcldqdXdReWVNellOcmNzbkRDMnI0bm9wbzhFcjRYMEFpcHJiUE9HeE5GCk00NjlVUnpRaWtzQVZnNEdnL1g5ek5pdVdwWTByMStIRTd5RzIxcGg4TnVWdGJqMElPNE1iUVJHNjZOVDVGYTEKNCt5cWppdW0rOENFQnUzYTl3V3dwZWhqMFJMZndkYWlja0ZyU0tQR0ZLclJEUVBqdjU3QzJnUFRyZFFxbWpwcAp2OHNFdHRxUjI3c1lvVlc4dHpZRHdLRWtYM2RXS2tHc251VXlmUEZ5bzhwUnlYT3FvaFJ1UkFiTEIxazdpRmFLCnZOMzQzV2Z5ZG5zcXp5RHZla04rSUM3WU9oNUQ2MXhsTGJuM1dHWWlEZytwWE9SS29kc1JMcjM5NWZFRmdBaHAKRmVHcjNZMlprUVZDb1I3VXNGNjBiLzg9Ci0tLS0tRU5EIENFUlRJRklDQVRFLS0tLS0K"
              }
            ],
            "master_authorized_networks_config": [],
            "master_version": "1.27.8-gke.1067004",
            "min_master_version": null,
            "monitoring_config": [
              {
                "enable_components": [
                  "SYSTEM_COMPONENTS"
                ]
              }
            ],
            "monitoring_service": "monitoring.googleapis.com/kubernetes",
            "name": "prime-freedom-420419-gke",
            "network": "projects/prime-freedom-420419/global/networks/prime-freedom-420419-vpc",
            "network_policy": [
              {
                "enabled": false,
                "provider": "PROVIDER_UNSPECIFIED"
              }
            ],
            "networking_mode": "ROUTES",
            "node_config": [],
            "node_locations": [
              "us-central1-a",
              "us-central1-c",
              "us-central1-f"
            ],
            "node_pool": [],
            "node_version": "1.27.8-gke.1067004",
            "operation": null,
            "private_cluster_config": [
              {
                "enable_private_endpoint": false,
                "enable_private_nodes": false,
                "master_global_access_config": [
                  {
                    "enabled": false
                  }
                ],
                "master_ipv4_cidr_block": "",
                "peering_name": "",
                "private_endpoint": "10.10.0.2",
                "public_endpoint": "34.170.118.33"
              }
            ],
            "private_ipv6_google_access": "",
            "project": "prime-freedom-420419",
            "release_channel": [
              {
                "channel": "REGULAR"
              }
            ],
            "remove_default_node_pool": true,
            "resource_labels": null,
            "resource_usage_export_config": [],
            "self_link": "https://container.googleapis.com/v1/projects/prime-freedom-420419/locations/us-central1/clusters/prime-freedom-420419-gke",
            "services_ipv4_cidr": "10.79.240.0/20",
            "subnetwork": "projects/prime-freedom-420419/regions/us-central1/subnetworks/prime-freedom-420419-subnet",
            "timeouts": null,
            "tpu_ipv4_cidr_block": "",
            "vertical_pod_autoscaling": [],
            "workload_identity_config": []
          },
          "sensitive_attributes": [],
          "private": "eyJlMmJmYjczMC1lY2FhLTExZTYtOGY4OC0zNDM2M2JjN2M0YzAiOnsiY3JlYXRlIjoyNDAwMDAwMDAwMDAwLCJkZWxldGUiOjI0MDAwMDAwMDAwMDAsInJlYWQiOjI0MDAwMDAwMDAwMDAsInVwZGF0ZSI6MzYwMDAwMDAwMDAwMH0sInNjaGVtYV92ZXJzaW9uIjoiMSJ9",
          "dependencies": [
            "google_compute_network.vpc",
            "google_compute_subnetwork.subnet"
          ]
        }
      ]
    },
    {
      "mode": "managed",
      "type": "google_container_node_pool",
      "name": "primary_nodes",
      "provider": "provider[\"registry.terraform.io/hashicorp/google\"]",
      "instances": [
        {
          "schema_version": 1,
          "attributes": {
            "autoscaling": [],
            "cluster": "prime-freedom-420419-gke",
            "id": "projects/prime-freedom-420419/locations/us-central1/clusters/prime-freedom-420419-gke/nodePools/prime-freedom-420419-gke",
            "initial_node_count": null,
            "instance_group_urls": null,
            "location": "us-central1",
            "managed_instance_group_urls": null,
            "management": null,
            "max_pods_per_node": null,
            "name": "prime-freedom-420419-gke",
            "name_prefix": null,
            "node_config": [
              {
                "boot_disk_kms_key": "",
                "disk_size_gb": 30,
                "disk_type": "",
                "gcfs_config": [],
                "guest_accelerator": [],
                "gvnic": [],
                "image_type": "",
                "labels": {
                  "env": "prime-freedom-420419"
                },
                "local_ssd_count": 0,
                "machine_type": "n1-standard-1",
                "metadata": {
                  "disable-legacy-endpoints": "true"
                },
                "min_cpu_platform": "",
                "node_group": "",
                "oauth_scopes": [
                  "https://www.googleapis.com/auth/logging.write",
                  "https://www.googleapis.com/auth/monitoring"
                ],
                "preemptible": false,
                "service_account": "",
                "shielded_instance_config": [],
                "spot": false,
                "tags": [
                  "gke-node",
                  "prime-freedom-420419-gke"
                ],
                "taint": [],
                "workload_metadata_config": []
              }
            ],
            "node_count": 2,
            "node_locations": [],
            "operation": "operation-1713223406731-eb7369bd-2b15-413f-b9ca-2983a9931f35",
            "project": null,
            "timeouts": null,
            "upgrade_settings": null,
            "version": null
          },
          "sensitive_attributes": [],
          "private": "eyJlMmJmYjczMC1lY2FhLTExZTYtOGY4OC0zNDM2M2JjN2M0YzAiOnsiY3JlYXRlIjoxODAwMDAwMDAwMDAwLCJkZWxldGUiOjE4MDAwMDAwMDAwMDAsInVwZGF0ZSI6MTgwMDAwMDAwMDAwMH0sInNjaGVtYV92ZXJzaW9uIjoiMSJ9",
          "dependencies": [
            "google_compute_network.vpc",
            "google_compute_subnetwork.subnet",
            "google_container_cluster.primary"
          ]
        }
      ]
    }
  ],
  "check_results": null
}
